
Microsoft Visual Studio Solution File, Format Version 12.00
# Visual Studio Version 17
VisualStudioVersion = 17.7.34018.315
MinimumVisualStudioVersion = 10.0.40219.1
Project("{9A19103F-16F7-4668-BE54-9A1E7A4F7556}") = "VideoSegmentation", "VideoSegmentation.csproj", "{0CB7B4DD-223C-4637-B3EA-143DF7668C0C}"
EndProject
Project("{FAE04EC0-301F-11D3-BF4B-00C04F79EFBC}") = "ApiProcesser", "..\ApiProcesser\ApiProcesser.csproj", "{CE629107-2428-4262-A2B4-56E197B913DE}"
EndProject
Global
	GlobalSection(SolutionConfigurationPlatforms) = preSolution
		Debug|Any CPU = Debug|Any CPU
		Release|Any CPU = Release|Any CPU
	EndGlobalSection
	GlobalSection(ProjectConfigurationPlatforms) = postSolution
		{0CB7B4DD-223C-4637-B3EA-143DF7668C0C}.Debug|Any CPU.ActiveCfg = Debug|Any CPU
		{0CB7B4DD-223C-4637-B3EA-143DF7668C0C}.Debug|Any CPU.Build.0 = Debug|Any CPU
		{0CB7B4DD-223C-4637-B3EA-143DF7668C0C}.Release|Any CPU.ActiveCfg = Release|Any CPU
		{0CB7B4DD-223C-4637-B3EA-143DF7668C0C}.Release|Any CPU.Build.0 = Release|Any CPU
		{CE629107-2428-4262-A2B4-56E197B913DE}.Debug|Any CPU.ActiveCfg = Debug|Any CPU
		{CE629107-2428-4262-A2B4-56E197B913DE}.Debug|Any CPU.Build.0 = Debug|Any CPU
		{CE629107-2428-4262-A2B4-56E197B913DE}.Release|Any CPU.ActiveCfg = Release|Any CPU
		{CE629107-2428-4262-A2B4-56E197B913DE}.Release|Any CPU.Build.0 = Release|Any CPU
	EndGlobalSection
	GlobalSection(SolutionProperties) = preSolution
		HideSolutionNode = FALSE
	EndGlobalSection
	GlobalSection(ExtensibilityGlobals) = postSolution
		SolutionGuid = {7C270C1A-06CB-4B28-BF0D-6C16EDD3857B}
	EndGlobalSection
EndGlobal
